
Microsoft Visual Studio Solution File, Format Version 12.00
# Visual Studio Version 16
VisualStudioVersion = 16.0.29519.87
MinimumVisualStudioVersion = 10.0.40219.1
Project("{2150E333-8FDC-42A3-9474-1A3956D46DE8}") = "Docs", "Docs", "{BD93D83B-690A-4C38-8704-2F0AEC48A475}"
	ProjectSection(SolutionItems) = preProject
		Docs\building_gentle_on_windows.md = Docs\building_gentle_on_windows.md
		Docs\installing_ffmpeg.md = Docs\installing_ffmpeg.md
		Docs\installing_powershell.md = Docs\installing_powershell.md
		Docs\installing_spacy_nlp.md = Docs\installing_spacy_nlp.md
		Docs\installing_stanford_ner.md = Docs\installing_stanford_ner.md
		Docs\KnownTags.txt = Docs\KnownTags.txt
		Docs\Notes.txt = Docs\Notes.txt
	EndProjectSection
EndProject
Project("{2150E333-8FDC-42A3-9474-1A3956D46DE8}") = "Command Line Interface", "Command Line Interface", "{4B67C3DC-1088-40DD-97F7-1CB7E2EFAE4B}"
EndProject
Project("{2150E333-8FDC-42A3-9474-1A3956D46DE8}") = "Graphical Interface", "Graphical Interface", "{F59B6226-AC44-4845-A6C6-599F85DB5C1B}"
EndProject
Project("{FAE04EC0-301F-11D3-BF4B-00C04F79EFBC}") = "InformediaCORE.Common", "InformediaCORE.Common\InformediaCORE.Common.csproj", "{D269FD4C-D136-45D2-8599-9316B1544991}"
EndProject
Project("{00D1A9C2-B5F0-4AF3-8072-F6C62B433612}") = "InformediaCORE.Schema", "InformediaCORE.Schema\InformediaCORE.Schema.sqlproj", "{264BBA7B-2351-4B93-B000-411676D7991B}"
EndProject
Project("{FAE04EC0-301F-11D3-BF4B-00C04F79EFBC}") = "InformediaCORE.Processing", "InformediaCORE.Processing\InformediaCORE.Processing.csproj", "{FE100AB7-A74A-4DF5-ACCC-E5C5459B459F}"
EndProject
Project("{FAE04EC0-301F-11D3-BF4B-00C04F79EFBC}") = "ImportXml", "CLI\ImportXml\ImportXml.csproj", "{79D8CEBC-B3F4-4F64-B68F-5E074C80F959}"
EndProject
Project("{FAE04EC0-301F-11D3-BF4B-00C04F79EFBC}") = "ShowReport", "CLI\ShowReport\ShowReport.csproj", "{25690F36-8F24-4CDD-B780-4ED9F7052EC3}"
EndProject
Project("{FAE04EC0-301F-11D3-BF4B-00C04F79EFBC}") = "DeleteCollection", "CLI\DeleteCollection\DeleteCollection.csproj", "{6F9BC066-6760-46AE-ACC0-FC1396E6E2C0}"
EndProject
Project("{FAE04EC0-301F-11D3-BF4B-00C04F79EFBC}") = "RunProcessing", "CLI\RunProcessing\RunProcessing.csproj", "{0F93DE77-0187-4B23-ADF5-D8C624ADDB00}"
EndProject
Project("{FAE04EC0-301F-11D3-BF4B-00C04F79EFBC}") = "DocToXMLCleanup", "GUI\DocToXmlCleanup\DocToXMLCleanup.csproj", "{89CF4B7B-5682-4BEF-93D0-EA72B3257F4F}"
EndProject
Project("{FAE04EC0-301F-11D3-BF4B-00C04F79EFBC}") = "DatabaseEditor", "GUI\DatabaseEditor\DatabaseEditor.csproj", "{F2CA14AA-6555-492E-9C1E-80F3E95AF947}"
EndProject
Project("{FAE04EC0-301F-11D3-BF4B-00C04F79EFBC}") = "PublishCollection", "CLI\PublishCollection\PublishCollection.csproj", "{03F07D5B-590C-470D-9DB7-0959118BA9A5}"
EndProject
Project("{FAE04EC0-301F-11D3-BF4B-00C04F79EFBC}") = "InformediaCORE.Azure", "InformediaCORE.Azure\InformediaCORE.Azure.csproj", "{3DC77683-A491-4425-AB39-129140F254C5}"
EndProject
Project("{FAE04EC0-301F-11D3-BF4B-00C04F79EFBC}") = "SeedCloud", "CLI\SeedCloud\SeedCloud.csproj", "{57E4F8E8-0D2C-4BEB-BBB2-DD811E087EEA}"
EndProject
Project("{FAE04EC0-301F-11D3-BF4B-00C04F79EFBC}") = "ExportXml", "CLI\ExportXml\ExportXml.csproj", "{C80B3898-8C80-4F2A-9BA0-2156135C4A72}"
EndProject
Project("{FAE04EC0-301F-11D3-BF4B-00C04F79EFBC}") = "TestConfiguration", "CLI\TestConfiguration\TestConfiguration.csproj", "{17FEA6E4-DD0C-4A50-BC2E-B1B3756A337D}"
EndProject
Project("{FAE04EC0-301F-11D3-BF4B-00C04F79EFBC}") = "InitializeCloud", "CLI\InitializeCloud\InitializeCloud.csproj", "{779E6176-ACBA-48A7-8ABB-9C36E48F402F}"
EndProject
Project("{FAE04EC0-301F-11D3-BF4B-00C04F79EFBC}") = "RecallCollection", "CLI\RecallCollection\RecallCollection.csproj", "{22D3234C-21AD-4512-95B6-2971DE9BCB2A}"
EndProject
Project("{FAE04EC0-301F-11D3-BF4B-00C04F79EFBC}") = "CollectGarbage", "CLI\CollectGarbage\CollectGarbage.csproj", "{C2F33F5B-EF9B-41DE-93ED-C12990FE142C}"
EndProject
Project("{FAE04EC0-301F-11D3-BF4B-00C04F79EFBC}") = "UpdateDatabase", "CLI\UpdateDatabase\UpdateDatabase.csproj", "{1E9175C5-9755-4C1D-8363-01AABE550352}"
EndProject
Project("{FAE04EC0-301F-11D3-BF4B-00C04F79EFBC}") = "UpdateCloud", "CLI\UpdateCloud\UpdateCloud.csproj", "{6CE38229-7D3C-4337-A130-2D09C1A65995}"
EndProject
Project("{2150E333-8FDC-42A3-9474-1A3956D46DE8}") = "Solution Items", "Solution Items", "{3B07F9C0-D08F-4D54-868C-DA06648992FB}"
	ProjectSection(SolutionItems) = preProject
		.gitignore = .gitignore
		FlagDeadCode.ruleset = FlagDeadCode.ruleset
		README.md = README.md
	EndProjectSection
EndProject
Project("{FAE04EC0-301F-11D3-BF4B-00C04F79EFBC}") = "ImportTags", "CLI\ImportTags\ImportTags.csproj", "{80054894-752F-4274-97E7-E055EC81C355}"
EndProject
Project("{FAE04EC0-301F-11D3-BF4B-00C04F79EFBC}") = "InformediaCORE.Firebase", "InformediaCORE.Firebase\InformediaCORE.Firebase.csproj", "{6C53C644-3C89-4654-93AF-D749A80EB578}"
EndProject
Global
	GlobalSection(SolutionConfigurationPlatforms) = preSolution
		Debug|Any CPU = Debug|Any CPU
		Debug|x64 = Debug|x64
		Release|Any CPU = Release|Any CPU
		Release|x64 = Release|x64
	EndGlobalSection
	GlobalSection(ProjectConfigurationPlatforms) = postSolution
		{D269FD4C-D136-45D2-8599-9316B1544991}.Debug|Any CPU.ActiveCfg = Debug|x64
		{D269FD4C-D136-45D2-8599-9316B1544991}.Debug|x64.ActiveCfg = Debug|x64
		{D269FD4C-D136-45D2-8599-9316B1544991}.Debug|x64.Build.0 = Debug|x64
		{D269FD4C-D136-45D2-8599-9316B1544991}.Release|Any CPU.ActiveCfg = Release|x64
		{D269FD4C-D136-45D2-8599-9316B1544991}.Release|x64.ActiveCfg = Release|x64
		{D269FD4C-D136-45D2-8599-9316B1544991}.Release|x64.Build.0 = Release|x64
		{264BBA7B-2351-4B93-B000-411676D7991B}.Debug|Any CPU.ActiveCfg = Debug|x64
		{264BBA7B-2351-4B93-B000-411676D7991B}.Debug|x64.ActiveCfg = Debug|x64
		{264BBA7B-2351-4B93-B000-411676D7991B}.Debug|x64.Build.0 = Debug|x64
		{264BBA7B-2351-4B93-B000-411676D7991B}.Debug|x64.Deploy.0 = Debug|x64
		{264BBA7B-2351-4B93-B000-411676D7991B}.Release|Any CPU.ActiveCfg = Release|x64
		{264BBA7B-2351-4B93-B000-411676D7991B}.Release|x64.ActiveCfg = Release|x64
		{264BBA7B-2351-4B93-B000-411676D7991B}.Release|x64.Build.0 = Release|x64
		{FE100AB7-A74A-4DF5-ACCC-E5C5459B459F}.Debug|Any CPU.ActiveCfg = Debug|x64
		{FE100AB7-A74A-4DF5-ACCC-E5C5459B459F}.Debug|x64.ActiveCfg = Debug|x64
		{FE100AB7-A74A-4DF5-ACCC-E5C5459B459F}.Debug|x64.Build.0 = Debug|x64
		{FE100AB7-A74A-4DF5-ACCC-E5C5459B459F}.Release|Any CPU.ActiveCfg = Release|x64
		{FE100AB7-A74A-4DF5-ACCC-E5C5459B459F}.Release|x64.ActiveCfg = Release|x64
		{FE100AB7-A74A-4DF5-ACCC-E5C5459B459F}.Release|x64.Build.0 = Release|x64
		{79D8CEBC-B3F4-4F64-B68F-5E074C80F959}.Debug|Any CPU.ActiveCfg = Debug|x64
		{79D8CEBC-B3F4-4F64-B68F-5E074C80F959}.Debug|x64.ActiveCfg = Debug|x64
		{79D8CEBC-B3F4-4F64-B68F-5E074C80F959}.Debug|x64.Build.0 = Debug|x64
		{79D8CEBC-B3F4-4F64-B68F-5E074C80F959}.Release|Any CPU.ActiveCfg = Release|x64
		{79D8CEBC-B3F4-4F64-B68F-5E074C80F959}.Release|x64.ActiveCfg = Release|x64
		{79D8CEBC-B3F4-4F64-B68F-5E074C80F959}.Release|x64.Build.0 = Release|x64
		{25690F36-8F24-4CDD-B780-4ED9F7052EC3}.Debug|Any CPU.ActiveCfg = Debug|x64
		{25690F36-8F24-4CDD-B780-4ED9F7052EC3}.Debug|x64.ActiveCfg = Debug|x64
		{25690F36-8F24-4CDD-B780-4ED9F7052EC3}.Debug|x64.Build.0 = Debug|x64
		{25690F36-8F24-4CDD-B780-4ED9F7052EC3}.Release|Any CPU.ActiveCfg = Release|x64
		{25690F36-8F24-4CDD-B780-4ED9F7052EC3}.Release|x64.ActiveCfg = Release|x64
		{25690F36-8F24-4CDD-B780-4ED9F7052EC3}.Release|x64.Build.0 = Release|x64
		{6F9BC066-6760-46AE-ACC0-FC1396E6E2C0}.Debug|Any CPU.ActiveCfg = Debug|x64
		{6F9BC066-6760-46AE-ACC0-FC1396E6E2C0}.Debug|x64.ActiveCfg = Debug|x64
		{6F9BC066-6760-46AE-ACC0-FC1396E6E2C0}.Debug|x64.Build.0 = Debug|x64
		{6F9BC066-6760-46AE-ACC0-FC1396E6E2C0}.Release|Any CPU.ActiveCfg = Release|x64
		{6F9BC066-6760-46AE-ACC0-FC1396E6E2C0}.Release|x64.ActiveCfg = Release|x64
		{6F9BC066-6760-46AE-ACC0-FC1396E6E2C0}.Release|x64.Build.0 = Release|x64
		{0F93DE77-0187-4B23-ADF5-D8C624ADDB00}.Debug|Any CPU.ActiveCfg = Debug|x64
		{0F93DE77-0187-4B23-ADF5-D8C624ADDB00}.Debug|x64.ActiveCfg = Debug|x64
		{0F93DE77-0187-4B23-ADF5-D8C624ADDB00}.Debug|x64.Build.0 = Debug|x64
		{0F93DE77-0187-4B23-ADF5-D8C624ADDB00}.Release|Any CPU.ActiveCfg = Release|x64
		{0F93DE77-0187-4B23-ADF5-D8C624ADDB00}.Release|x64.ActiveCfg = Release|x64
		{0F93DE77-0187-4B23-ADF5-D8C624ADDB00}.Release|x64.Build.0 = Release|x64
		{89CF4B7B-5682-4BEF-93D0-EA72B3257F4F}.Debug|Any CPU.ActiveCfg = Debug|x64
		{89CF4B7B-5682-4BEF-93D0-EA72B3257F4F}.Debug|x64.ActiveCfg = Debug|x64
		{89CF4B7B-5682-4BEF-93D0-EA72B3257F4F}.Debug|x64.Build.0 = Debug|x64
		{89CF4B7B-5682-4BEF-93D0-EA72B3257F4F}.Release|Any CPU.ActiveCfg = Release|x64
		{89CF4B7B-5682-4BEF-93D0-EA72B3257F4F}.Release|x64.ActiveCfg = Release|x64
		{89CF4B7B-5682-4BEF-93D0-EA72B3257F4F}.Release|x64.Build.0 = Release|x64
		{F2CA14AA-6555-492E-9C1E-80F3E95AF947}.Debug|Any CPU.ActiveCfg = Debug|x64
		{F2CA14AA-6555-492E-9C1E-80F3E95AF947}.Debug|x64.ActiveCfg = Debug|x64
		{F2CA14AA-6555-492E-9C1E-80F3E95AF947}.Debug|x64.Build.0 = Debug|x64
		{F2CA14AA-6555-492E-9C1E-80F3E95AF947}.Release|Any CPU.ActiveCfg = Release|x64
		{F2CA14AA-6555-492E-9C1E-80F3E95AF947}.Release|x64.ActiveCfg = Release|x64
		{F2CA14AA-6555-492E-9C1E-80F3E95AF947}.Release|x64.Build.0 = Release|x64
		{03F07D5B-590C-470D-9DB7-0959118BA9A5}.Debug|Any CPU.ActiveCfg = Debug|x64
		{03F07D5B-590C-470D-9DB7-0959118BA9A5}.Debug|x64.ActiveCfg = Debug|x64
		{03F07D5B-590C-470D-9DB7-0959118BA9A5}.Debug|x64.Build.0 = Debug|x64
		{03F07D5B-590C-470D-9DB7-0959118BA9A5}.Release|Any CPU.ActiveCfg = Release|x64
		{03F07D5B-590C-470D-9DB7-0959118BA9A5}.Release|x64.ActiveCfg = Release|x64
		{03F07D5B-590C-470D-9DB7-0959118BA9A5}.Release|x64.Build.0 = Release|x64
		{3DC77683-A491-4425-AB39-129140F254C5}.Debug|Any CPU.ActiveCfg = Debug|x64
		{3DC77683-A491-4425-AB39-129140F254C5}.Debug|x64.ActiveCfg = Debug|x64
		{3DC77683-A491-4425-AB39-129140F254C5}.Debug|x64.Build.0 = Debug|x64
		{3DC77683-A491-4425-AB39-129140F254C5}.Release|Any CPU.ActiveCfg = Release|x64
		{3DC77683-A491-4425-AB39-129140F254C5}.Release|x64.ActiveCfg = Release|x64
		{3DC77683-A491-4425-AB39-129140F254C5}.Release|x64.Build.0 = Release|x64
		{57E4F8E8-0D2C-4BEB-BBB2-DD811E087EEA}.Debug|Any CPU.ActiveCfg = Debug|x64
		{57E4F8E8-0D2C-4BEB-BBB2-DD811E087EEA}.Debug|x64.ActiveCfg = Debug|x64
		{57E4F8E8-0D2C-4BEB-BBB2-DD811E087EEA}.Debug|x64.Build.0 = Debug|x64
		{57E4F8E8-0D2C-4BEB-BBB2-DD811E087EEA}.Release|Any CPU.ActiveCfg = Release|x64
		{57E4F8E8-0D2C-4BEB-BBB2-DD811E087EEA}.Release|x64.ActiveCfg = Release|x64
		{57E4F8E8-0D2C-4BEB-BBB2-DD811E087EEA}.Release|x64.Build.0 = Release|x64
		{C80B3898-8C80-4F2A-9BA0-2156135C4A72}.Debug|Any CPU.ActiveCfg = Debug|x64
		{C80B3898-8C80-4F2A-9BA0-2156135C4A72}.Debug|x64.ActiveCfg = Debug|x64
		{C80B3898-8C80-4F2A-9BA0-2156135C4A72}.Debug|x64.Build.0 = Debug|x64
		{C80B3898-8C80-4F2A-9BA0-2156135C4A72}.Release|Any CPU.ActiveCfg = Release|x64
		{C80B3898-8C80-4F2A-9BA0-2156135C4A72}.Release|x64.ActiveCfg = Release|x64
		{C80B3898-8C80-4F2A-9BA0-2156135C4A72}.Release|x64.Build.0 = Release|x64
		{17FEA6E4-DD0C-4A50-BC2E-B1B3756A337D}.Debug|Any CPU.ActiveCfg = Debug|x64
		{17FEA6E4-DD0C-4A50-BC2E-B1B3756A337D}.Debug|x64.ActiveCfg = Debug|x64
		{17FEA6E4-DD0C-4A50-BC2E-B1B3756A337D}.Debug|x64.Build.0 = Debug|x64
		{17FEA6E4-DD0C-4A50-BC2E-B1B3756A337D}.Release|Any CPU.ActiveCfg = Release|x64
		{17FEA6E4-DD0C-4A50-BC2E-B1B3756A337D}.Release|x64.ActiveCfg = Release|x64
		{17FEA6E4-DD0C-4A50-BC2E-B1B3756A337D}.Release|x64.Build.0 = Release|x64
		{779E6176-ACBA-48A7-8ABB-9C36E48F402F}.Debug|Any CPU.ActiveCfg = Debug|x64
		{779E6176-ACBA-48A7-8ABB-9C36E48F402F}.Debug|x64.ActiveCfg = Debug|x64
		{779E6176-ACBA-48A7-8ABB-9C36E48F402F}.Debug|x64.Build.0 = Debug|x64
		{779E6176-ACBA-48A7-8ABB-9C36E48F402F}.Release|Any CPU.ActiveCfg = Release|x64
		{779E6176-ACBA-48A7-8ABB-9C36E48F402F}.Release|x64.ActiveCfg = Release|x64
		{779E6176-ACBA-48A7-8ABB-9C36E48F402F}.Release|x64.Build.0 = Release|x64
		{22D3234C-21AD-4512-95B6-2971DE9BCB2A}.Debug|Any CPU.ActiveCfg = Debug|x64
		{22D3234C-21AD-4512-95B6-2971DE9BCB2A}.Debug|x64.ActiveCfg = Debug|x64
		{22D3234C-21AD-4512-95B6-2971DE9BCB2A}.Debug|x64.Build.0 = Debug|x64
		{22D3234C-21AD-4512-95B6-2971DE9BCB2A}.Release|Any CPU.ActiveCfg = Release|x64
		{22D3234C-21AD-4512-95B6-2971DE9BCB2A}.Release|x64.ActiveCfg = Release|x64
		{22D3234C-21AD-4512-95B6-2971DE9BCB2A}.Release|x64.Build.0 = Release|x64
		{C2F33F5B-EF9B-41DE-93ED-C12990FE142C}.Debug|Any CPU.ActiveCfg = Debug|x64
		{C2F33F5B-EF9B-41DE-93ED-C12990FE142C}.Debug|x64.ActiveCfg = Debug|x64
		{C2F33F5B-EF9B-41DE-93ED-C12990FE142C}.Debug|x64.Build.0 = Debug|x64
		{C2F33F5B-EF9B-41DE-93ED-C12990FE142C}.Release|Any CPU.ActiveCfg = Release|x64
		{C2F33F5B-EF9B-41DE-93ED-C12990FE142C}.Release|x64.ActiveCfg = Release|x64
		{C2F33F5B-EF9B-41DE-93ED-C12990FE142C}.Release|x64.Build.0 = Release|x64
		{1E9175C5-9755-4C1D-8363-01AABE550352}.Debug|Any CPU.ActiveCfg = Debug|x64
		{1E9175C5-9755-4C1D-8363-01AABE550352}.Debug|x64.ActiveCfg = Debug|x64
		{1E9175C5-9755-4C1D-8363-01AABE550352}.Debug|x64.Build.0 = Debug|x64
		{1E9175C5-9755-4C1D-8363-01AABE550352}.Release|Any CPU.ActiveCfg = Release|x64
		{1E9175C5-9755-4C1D-8363-01AABE550352}.Release|x64.ActiveCfg = Release|x64
		{1E9175C5-9755-4C1D-8363-01AABE550352}.Release|x64.Build.0 = Release|x64
		{6CE38229-7D3C-4337-A130-2D09C1A65995}.Debug|Any CPU.ActiveCfg = Debug|x64
		{6CE38229-7D3C-4337-A130-2D09C1A65995}.Debug|x64.ActiveCfg = Debug|x64
		{6CE38229-7D3C-4337-A130-2D09C1A65995}.Debug|x64.Build.0 = Debug|x64
		{6CE38229-7D3C-4337-A130-2D09C1A65995}.Release|Any CPU.ActiveCfg = Release|x64
		{6CE38229-7D3C-4337-A130-2D09C1A65995}.Release|x64.ActiveCfg = Release|x64
		{6CE38229-7D3C-4337-A130-2D09C1A65995}.Release|x64.Build.0 = Release|x64
		{80054894-752F-4274-97E7-E055EC81C355}.Debug|Any CPU.ActiveCfg = Debug|x64
		{80054894-752F-4274-97E7-E055EC81C355}.Debug|x64.ActiveCfg = Debug|x64
		{80054894-752F-4274-97E7-E055EC81C355}.Debug|x64.Build.0 = Debug|x64
		{80054894-752F-4274-97E7-E055EC81C355}.Release|Any CPU.ActiveCfg = Release|x64
		{80054894-752F-4274-97E7-E055EC81C355}.Release|x64.ActiveCfg = Release|x64
		{80054894-752F-4274-97E7-E055EC81C355}.Release|x64.Build.0 = Release|x64
		{6C53C644-3C89-4654-93AF-D749A80EB578}.Debug|Any CPU.ActiveCfg = Debug|x64
		{6C53C644-3C89-4654-93AF-D749A80EB578}.Debug|x64.ActiveCfg = Debug|x64
		{6C53C644-3C89-4654-93AF-D749A80EB578}.Debug|x64.Build.0 = Debug|x64
		{6C53C644-3C89-4654-93AF-D749A80EB578}.Release|Any CPU.ActiveCfg = Release|x64
		{6C53C644-3C89-4654-93AF-D749A80EB578}.Release|x64.ActiveCfg = Release|x64
		{6C53C644-3C89-4654-93AF-D749A80EB578}.Release|x64.Build.0 = Release|x64
	EndGlobalSection
	GlobalSection(SolutionProperties) = preSolution
		HideSolutionNode = FALSE
	EndGlobalSection
	GlobalSection(NestedProjects) = preSolution
		{79D8CEBC-B3F4-4F64-B68F-5E074C80F959} = {4B67C3DC-1088-40DD-97F7-1CB7E2EFAE4B}
		{25690F36-8F24-4CDD-B780-4ED9F7052EC3} = {4B67C3DC-1088-40DD-97F7-1CB7E2EFAE4B}
		{6F9BC066-6760-46AE-ACC0-FC1396E6E2C0} = {4B67C3DC-1088-40DD-97F7-1CB7E2EFAE4B}
		{0F93DE77-0187-4B23-ADF5-D8C624ADDB00} = {4B67C3DC-1088-40DD-97F7-1CB7E2EFAE4B}
		{89CF4B7B-5682-4BEF-93D0-EA72B3257F4F} = {F59B6226-AC44-4845-A6C6-599F85DB5C1B}
		{F2CA14AA-6555-492E-9C1E-80F3E95AF947} = {F59B6226-AC44-4845-A6C6-599F85DB5C1B}
		{03F07D5B-590C-470D-9DB7-0959118BA9A5} = {4B67C3DC-1088-40DD-97F7-1CB7E2EFAE4B}
		{57E4F8E8-0D2C-4BEB-BBB2-DD811E087EEA} = {4B67C3DC-1088-40DD-97F7-1CB7E2EFAE4B}
		{C80B3898-8C80-4F2A-9BA0-2156135C4A72} = {4B67C3DC-1088-40DD-97F7-1CB7E2EFAE4B}
		{17FEA6E4-DD0C-4A50-BC2E-B1B3756A337D} = {4B67C3DC-1088-40DD-97F7-1CB7E2EFAE4B}
		{779E6176-ACBA-48A7-8ABB-9C36E48F402F} = {4B67C3DC-1088-40DD-97F7-1CB7E2EFAE4B}
		{22D3234C-21AD-4512-95B6-2971DE9BCB2A} = {4B67C3DC-1088-40DD-97F7-1CB7E2EFAE4B}
		{C2F33F5B-EF9B-41DE-93ED-C12990FE142C} = {4B67C3DC-1088-40DD-97F7-1CB7E2EFAE4B}
		{1E9175C5-9755-4C1D-8363-01AABE550352} = {4B67C3DC-1088-40DD-97F7-1CB7E2EFAE4B}
		{6CE38229-7D3C-4337-A130-2D09C1A65995} = {4B67C3DC-1088-40DD-97F7-1CB7E2EFAE4B}
		{80054894-752F-4274-97E7-E055EC81C355} = {4B67C3DC-1088-40DD-97F7-1CB7E2EFAE4B}
	EndGlobalSection
	GlobalSection(ExtensibilityGlobals) = postSolution
		SolutionGuid = {B8C2CE84-2818-4236-9E71-19F901B1C58D}
	EndGlobalSection
EndGlobal
